# This file is automatically @generated by Cargo.
# It is not intended for manual editing.
# SPDX-FileCopyrightText: Copyright (c) 2026 NVIDIA CORPORATION & AFFILIATES. All rights reserved.
# SPDX-License-Identifier: Apache-2.0
version = 4

[[package]]
name = "nemoclaw-fast-backend"
version = "0.1.0"
